github.com/cenk/backoff v2.2.1+incompatible h1:djdFT7f4gF2ttuzRKPbMOWgZajgesItGLwG5FTQKmmE=
github.com/cenk/backoff v2.2.1+incompatible/go.mod h1:7FtoeaSnHoZnmZzz47cM35Y9nSW7tNyaidugnHTaFDE=
github.com/davecgh/go-spew v1.1.1 h1:vj9j/u1bqnvCEfJOwUhtlOARqs3+rkHYY13jYWTU97c=
github.com/davecgh/go-spew v1.1.1/go.mod h1:J7Y8YcW2NihsgmVo/mv3lAwl/skON4iLHjSsI+c5H38=
github.com/facebookgo/clock v0.0.0-20150410010913-600d898af40a h1:yDWHCSQ40h88yih2JAcL6Ls/kVkSE8GFACTGVnMPruw=
github.com/facebookgo/clock v0.0.0-20150410010913-600d898af40a/go.mod h1:7Ga40egUymuWXxAe151lTNnCv97MddSOVsjpPPkityA=
github.com/git-pkgs/artifacts v0.2.1 h1:VwdxR4yTDaqBZ34h0slxQBVyr2Xfa+QGOKCKviMx2xk=
github.com/git-pkgs/artifacts v0.2.1/go.mod h1:Otosgq52pXT5UNN7lh6s/lszpWKVDO8XrOjN1M70/IA=
github.com/git-pkgs/pom v0.1.7 h1:4yKdtw6eyShtjul6bcZdyz7yLQ+jdrYeYkKbskDGi4c=
github.com/git-pkgs/pom v0.1.7/go.mod h1:ufdMBe1lKzqOeP9IUb9NPZ458xKV8E8NvuyBMxOfwIk=
github.com/git-pkgs/purl v0.1.20 h1:a4qzvUy5mBZ2GGjOQNW2h/ocFqjTjOiTDMv2ONtivmM=
github.com/git-pkgs/purl v0.1.20/go.mod h1:hthV5mp+Q67HpQ9+LnRLLmsReu5ooyQ5EaJsCGrA8yE=
github.com/git-pkgs/spdx v0.3.1 h1:58JPY5X9pYpXvnzzZIgehItlBykeOOw52pNc4OBcS+c=
github.com/git-pkgs/spdx v0.3.1/go.mod h1:cqRoZcvl530s/W+oGNvwjt4ODN8T1W6D/20MUZEFdto=
github.com/git-pkgs/vers v0.7.0 h1:7PD2DKFB8jTDIfiyWXbqYW54iVuNkFCBgXHgxOTdr8A=
github.com/git-pkgs/vers v0.7.0/go.mod h1:ofLiBpPNkQmC0LB1k0zmN1gCv7Hi3MiZx8WtmWZ4A9A=
github.com/github/go-spdx/v2 v2.7.0 h1:GzfXx4wFdlilARxmFRXW/mgUy3A4vSqZocCMFV6XFdQ=
github.com/github/go-spdx/v2 v2.7.0/go.mod h1:Ftc45YYG1WzpzwEPKRVm9Jv8vDqOrN4gWoCkK+bHer0=
github.com/opencontainers/go-digest v1.0.0 h1:apOUWs51W5PlhuyGyz9FCeeBIOUDA/6nW8Oi/yOhh5U=
github.com/opencontainers/go-digest v1.0.0/go.mod h1:0JzlMkj0TRzQZfJkVvzbP0HBR3IKzErnv2BNG4W4MAM=
github.com/package-url/packageurl-go v0.1.7 h1:iFWg6tzAjLA6F/qX3M5nZaiMHJgc+p2zxVyr/fY+sZY=
github.com/package-url/packageurl-go v0.1.7/go.mod h1:nKAWB8E6uk1MHqiS/lQb9pYBGH2+mdJ2PJc2s50dQY0=
github.com/peterbourgon/g2s v0.0.0-20170223122336-d4e7ad98afea h1:sKwxy1H95npauwu8vtF95vG/syrL0p8fSZo/XlDg5gk=
github.com/peterbourgon/g2s v0.0.0-20170223122336-d4e7ad98afea/go.mod h1:1VcHEd3ro4QMoHfiNl/j7Jkln9+KQuorp0PItHMJYNg=
github.com/pmezard/go-difflib v1.0.0 h1:4DBwDE0NGyQoBHbLQYPwSUPoCMWR5BEzIk/f1lZbAQM=
github.com/pmezard/go-difflib v1.0.0/go.mod h1:iKH77koFhYxTK1pcRnkKkqfTogsbg7gZNVY4sRDYZ/4=
github.com/rs/dnscache v0.0.0-20230804202142-fc85eb664529 h1:18kd+8ZUlt/ARXhljq+14TwAoKa61q6dX8jtwOf6DH8=
github.com/rs/dnscache v0.0.0-20230804202142-fc85eb664529/go.mod h1:qe5TWALJ8/a1Lqznoc5BDHpYX/8HU60Hm2AwRmqzxqA=
github.com/rubyist/circuitbreaker v2.2.1+incompatible h1:KUKd/pV8Geg77+8LNDwdow6rVCAYOp8+kHUyFvL6Mhk=
github.com/rubyist/circuitbreaker v2.2.1+incompatible/go.mod h1:Ycs3JgJADPuzJDwffe12k6BZT8hxVi6lFK+gWYJLN4A=
github.com/stretchr/testify v1.8.1 h1:w7B6lhMri9wdJUVmEZPGGhZzrYTPvgJArz7wNPgYKsk=
github.com/stretchr/testify v1.8.1/go.mod h1:w2LPCIKwWwSfY2zedu0+kehJoqGctiVI29o6fzry7u4=
go.yaml.in/yaml/v3 v3.0.5 h1:N6y/pJk8buWs9NY5ERU2HSMfm+IuD/OtfdAnq6kESPw=
go.yaml.in/yaml/v3 v3.0.5/go.mod h1:HVTZu1O7/Vkt2N+BFy8Zza+lnLsABggaTM2ZpNIGuKg=
golang.org/x/sync v0.0.0-20190423024810-112230192c58/go.mod h1:RxMgew5VJxzue5/jJTE5uejpjVlOe/izrB70Jof72aM=
golang.org/x/sync v0.20.0 h1:e0PTpb7pjO8GAtTs2dQ6jYa5BWYlMuX047Dco/pItO4=
golang.org/x/sync v0.20.0/go.mod h1:9xrNwdLfx4jkKbNva9FpL6vEN7evnE43NNNJQ2LF3+0=
gopkg.in/yaml.v3 v3.0.1 h1:fxVm/GzAzEWqLHuvctI91KS9hhNmmWOoWu0XTYJS7CA=
gopkg.in/yaml.v3 v3.0.1/go.mod h1:K4uyk7z7BCEPqu6E+C64Yfv1cQ7kz7rIZviUmN+EgEM=
